
Microsoft Visual Studio Solution File, Format Version 12.00
# Visual Studio 15
VisualStudioVersion = 15.0.26730.16
MinimumVisualStudioVersion = 10.0.40219.1
Project("{FAE04EC0-301F-11D3-BF4B-00C04F79EFBC}") = "HelpDesk_Kvas", "HelpDesk_Kvas\HelpDesk_Kvas.csproj", "{8CC51163-CC40-4341-A3C3-065D1143309F}"
EndProject
Project("{FAE04EC0-301F-11D3-BF4B-00C04F79EFBC}") = "KvasDAL", "KvasDAL\KvasDAL.csproj", "{6E4827A8-50AB-4E55-BE06-2F0DFD29486E}"
EndProject
Project("{FAE04EC0-301F-11D3-BF4B-00C04F79EFBC}") = "KvasEntity", "KvasEntity\KvasEntity.csproj", "{9E226E8E-F2BF-4435-A568-268E0235E668}"
EndProject
Project("{FAE04EC0-301F-11D3-BF4B-00C04F79EFBC}") = "KvasLogic", "KvasLogic\KvasLogic.csproj", "{03A5D05B-2D23-4386-84DD-7BE8C1E487EA}"
EndProject
Global
	GlobalSection(SolutionConfigurationPlatforms) = preSolution
		Debug|Any CPU = Debug|Any CPU
		Release|Any CPU = Release|Any CPU
	EndGlobalSection
	GlobalSection(ProjectConfigurationPlatforms) = postSolution
		{8CC51163-CC40-4341-A3C3-065D1143309F}.Debug|Any CPU.ActiveCfg = Debug|Any CPU
		{8CC51163-CC40-4341-A3C3-065D1143309F}.Debug|Any CPU.Build.0 = Debug|Any CPU
		{8CC51163-CC40-4341-A3C3-065D1143309F}.Release|Any CPU.ActiveCfg = Release|Any CPU
		{8CC51163-CC40-4341-A3C3-065D1143309F}.Release|Any CPU.Build.0 = Release|Any CPU
		{6E4827A8-50AB-4E55-BE06-2F0DFD29486E}.Debug|Any CPU.ActiveCfg = Debug|Any CPU
		{6E4827A8-50AB-4E55-BE06-2F0DFD29486E}.Debug|Any CPU.Build.0 = Debug|Any CPU
		{6E4827A8-50AB-4E55-BE06-2F0DFD29486E}.Release|Any CPU.ActiveCfg = Release|Any CPU
		{6E4827A8-50AB-4E55-BE06-2F0DFD29486E}.Release|Any CPU.Build.0 = Release|Any CPU
		{9E226E8E-F2BF-4435-A568-268E0235E668}.Debug|Any CPU.ActiveCfg = Debug|Any CPU
		{9E226E8E-F2BF-4435-A568-268E0235E668}.Debug|Any CPU.Build.0 = Debug|Any CPU
		{9E226E8E-F2BF-4435-A568-268E0235E668}.Release|Any CPU.ActiveCfg = Release|Any CPU
		{9E226E8E-F2BF-4435-A568-268E0235E668}.Release|Any CPU.Build.0 = Release|Any CPU
		{03A5D05B-2D23-4386-84DD-7BE8C1E487EA}.Debug|Any CPU.ActiveCfg = Debug|Any CPU
		{03A5D05B-2D23-4386-84DD-7BE8C1E487EA}.Debug|Any CPU.Build.0 = Debug|Any CPU
		{03A5D05B-2D23-4386-84DD-7BE8C1E487EA}.Release|Any CPU.ActiveCfg = Release|Any CPU
		{03A5D05B-2D23-4386-84DD-7BE8C1E487EA}.Release|Any CPU.Build.0 = Release|Any CPU
	EndGlobalSection
	GlobalSection(SolutionProperties) = preSolution
		HideSolutionNode = FALSE
	EndGlobalSection
	GlobalSection(ExtensibilityGlobals) = postSolution
		SolutionGuid = {22C03AFF-39AE-4CC7-B731-2BE016D320D8}
	EndGlobalSection
EndGlobal
